
Microsoft Visual Studio Solution File, Format Version 12.00
# Visual Studio 14
VisualStudioVersion = 14.0.25420.1
MinimumVisualStudioVersion = 10.0.40219.1
Project("{2150E333-8FDC-42A3-9474-1A3956D46DE8}") = "src", "src", "{9FF15F9D-CA51-4F27-B080-2D7B2DB1B500}"
EndProject
Project("{2150E333-8FDC-42A3-9474-1A3956D46DE8}") = "Solution Items", "Solution Items", "{0962D683-12B4-4BD8-84D6-D3905BA4113E}"
	ProjectSection(SolutionItems) = preProject
		global.json = global.json
	EndProjectSection
EndProject
Project("{8BB2217D-0F2D-49D1-97BC-3654ED321F3B}") = "Vault", "src\Vault\Vault.xproj", "{4871C1A8-DE8A-4854-B7F9-40716B8D4DF0}"
EndProject
Project("{2150E333-8FDC-42A3-9474-1A3956D46DE8}") = "samples", "samples", "{223A9BD4-741B-47FC-801D-6AD45AC26206}"
EndProject
Project("{8BB2217D-0F2D-49D1-97BC-3654ED321F3B}") = "VaultSample", "samples\VaultSample\VaultSample.xproj", "{77EEFB7C-EA7D-4577-8DD3-BA343ECF0706}"
EndProject
Project("{2150E333-8FDC-42A3-9474-1A3956D46DE8}") = "test", "test", "{6B4E0318-56C7-4DD8-8602-DB019CE10910}"
EndProject
Project("{8BB2217D-0F2D-49D1-97BC-3654ED321F3B}") = "Vault.Tests", "test\Vault.Tests\Vault.Tests.xproj", "{AC128C57-7C3B-455E-964B-BE31BC284F95}"
EndProject
Global
	GlobalSection(SolutionConfigurationPlatforms) = preSolution
		Debug|Any CPU = Debug|Any CPU
		Release|Any CPU = Release|Any CPU
	EndGlobalSection
	GlobalSection(ProjectConfigurationPlatforms) = postSolution
		{4871C1A8-DE8A-4854-B7F9-40716B8D4DF0}.Debug|Any CPU.ActiveCfg = Debug|Any CPU
		{4871C1A8-DE8A-4854-B7F9-40716B8D4DF0}.Debug|Any CPU.Build.0 = Debug|Any CPU
		{4871C1A8-DE8A-4854-B7F9-40716B8D4DF0}.Release|Any CPU.ActiveCfg = Release|Any CPU
		{4871C1A8-DE8A-4854-B7F9-40716B8D4DF0}.Release|Any CPU.Build.0 = Release|Any CPU
		{77EEFB7C-EA7D-4577-8DD3-BA343ECF0706}.Debug|Any CPU.ActiveCfg = Debug|Any CPU
		{77EEFB7C-EA7D-4577-8DD3-BA343ECF0706}.Debug|Any CPU.Build.0 = Debug|Any CPU
		{77EEFB7C-EA7D-4577-8DD3-BA343ECF0706}.Release|Any CPU.ActiveCfg = Release|Any CPU
		{77EEFB7C-EA7D-4577-8DD3-BA343ECF0706}.Release|Any CPU.Build.0 = Release|Any CPU
		{AC128C57-7C3B-455E-964B-BE31BC284F95}.Debug|Any CPU.ActiveCfg = Debug|Any CPU
		{AC128C57-7C3B-455E-964B-BE31BC284F95}.Debug|Any CPU.Build.0 = Debug|Any CPU
		{AC128C57-7C3B-455E-964B-BE31BC284F95}.Release|Any CPU.ActiveCfg = Release|Any CPU
		{AC128C57-7C3B-455E-964B-BE31BC284F95}.Release|Any CPU.Build.0 = Release|Any CPU
	EndGlobalSection
	GlobalSection(SolutionProperties) = preSolution
		HideSolutionNode = FALSE
	EndGlobalSection
	GlobalSection(NestedProjects) = preSolution
		{4871C1A8-DE8A-4854-B7F9-40716B8D4DF0} = {9FF15F9D-CA51-4F27-B080-2D7B2DB1B500}
		{77EEFB7C-EA7D-4577-8DD3-BA343ECF0706} = {223A9BD4-741B-47FC-801D-6AD45AC26206}
		{AC128C57-7C3B-455E-964B-BE31BC284F95} = {6B4E0318-56C7-4DD8-8602-DB019CE10910}
	EndGlobalSection
EndGlobal
